
Microsoft Visual Studio Solution File, Format Version 12.00
# Visual Studio Version 16
VisualStudioVersion = 16.0.31702.278
MinimumVisualStudioVersion = 10.0.40219.1
Project("{FAE04EC0-301F-11D3-BF4B-00C04F79EFBC}") = "appgit", "appgit\appgit.csproj", "{B9B1ACDD-B1FD-48A4-ABD3-8D84374B062D}"
EndProject
Global
	GlobalSection(SolutionConfigurationPlatforms) = preSolution
		Debug|Any CPU = Debug|Any CPU
		Release|Any CPU = Release|Any CPU
	EndGlobalSection
	GlobalSection(ProjectConfigurationPlatforms) = postSolution
		{B9B1ACDD-B1FD-48A4-ABD3-8D84374B062D}.Debug|Any CPU.ActiveCfg = Debug|Any CPU
		{B9B1ACDD-B1FD-48A4-ABD3-8D84374B062D}.Debug|Any CPU.Build.0 = Debug|Any CPU
		{B9B1ACDD-B1FD-48A4-ABD3-8D84374B062D}.Release|Any CPU.ActiveCfg = Release|Any CPU
		{B9B1ACDD-B1FD-48A4-ABD3-8D84374B062D}.Release|Any CPU.Build.0 = Release|Any CPU
	EndGlobalSection
	GlobalSection(SolutionProperties) = preSolution
		HideSolutionNode = FALSE
	EndGlobalSection
	GlobalSection(ExtensibilityGlobals) = postSolution
		SolutionGuid = {843911E2-FDC9-408F-9564-B298CC8DECF0}
	EndGlobalSection
EndGlobal
